
Microsoft Visual Studio Solution File, Format Version 12.00
# Visual Studio Version 17
VisualStudioVersion = 17.11.35005.142
MinimumVisualStudioVersion = 10.0.40219.1
Project("{FAE04EC0-301F-11D3-BF4B-00C04F79EFBC}") = "BlazorApp1", "BlazorApp1\BlazorApp1.csproj", "{FE088DC8-F115-4D85-99EC-4935430CD35C}"
EndProject
Project("{FAE04EC0-301F-11D3-BF4B-00C04F79EFBC}") = "BlazorApp1.Client", "BlazorApp1.Client\BlazorApp1.Client.csproj", "{A5B4E23A-CF6E-4FD1-9050-532BC5DAD31D}"
EndProject
Global
	GlobalSection(SolutionConfigurationPlatforms) = preSolution
		Debug|Any CPU = Debug|Any CPU
		Release|Any CPU = Release|Any CPU
	EndGlobalSection
	GlobalSection(ProjectConfigurationPlatforms) = postSolution
		{FE088DC8-F115-4D85-99EC-4935430CD35C}.Debug|Any CPU.ActiveCfg = Debug|Any CPU
		{FE088DC8-F115-4D85-99EC-4935430CD35C}.Debug|Any CPU.Build.0 = Debug|Any CPU
		{FE088DC8-F115-4D85-99EC-4935430CD35C}.Release|Any CPU.ActiveCfg = Release|Any CPU
		{FE088DC8-F115-4D85-99EC-4935430CD35C}.Release|Any CPU.Build.0 = Release|Any CPU
		{A5B4E23A-CF6E-4FD1-9050-532BC5DAD31D}.Debug|Any CPU.ActiveCfg = Debug|Any CPU
		{A5B4E23A-CF6E-4FD1-9050-532BC5DAD31D}.Debug|Any CPU.Build.0 = Debug|Any CPU
		{A5B4E23A-CF6E-4FD1-9050-532BC5DAD31D}.Release|Any CPU.ActiveCfg = Release|Any CPU
		{A5B4E23A-CF6E-4FD1-9050-532BC5DAD31D}.Release|Any CPU.Build.0 = Release|Any CPU
	EndGlobalSection
	GlobalSection(SolutionProperties) = preSolution
		HideSolutionNode = FALSE
	EndGlobalSection
	GlobalSection(ExtensibilityGlobals) = postSolution
		SolutionGuid = {310EB1E8-4A20-4362-B2E5-552E2EC7D020}
	EndGlobalSection
EndGlobal
